
Microsoft Visual Studio Solution File, Format Version 12.00
# Visual Studio Version 17
VisualStudioVersion = 17.6.33815.320
MinimumVisualStudioVersion = 10.0.40219.1
Project("{FAE04EC0-301F-11D3-BF4B-00C04F79EFBC}") = "5.5 More Classes", "5.5 More Classes\5.5 More Classes.csproj", "{925EBB50-0710-4887-A8DC-53288042EB89}"
EndProject
Global
	GlobalSection(SolutionConfigurationPlatforms) = preSolution
		Debug|Any CPU = Debug|Any CPU
		Release|Any CPU = Release|Any CPU
	EndGlobalSection
	GlobalSection(ProjectConfigurationPlatforms) = postSolution
		{925EBB50-0710-4887-A8DC-53288042EB89}.Debug|Any CPU.ActiveCfg = Debug|Any CPU
		{925EBB50-0710-4887-A8DC-53288042EB89}.Debug|Any CPU.Build.0 = Debug|Any CPU
		{925EBB50-0710-4887-A8DC-53288042EB89}.Release|Any CPU.ActiveCfg = Release|Any CPU
		{925EBB50-0710-4887-A8DC-53288042EB89}.Release|Any CPU.Build.0 = Release|Any CPU
	EndGlobalSection
	GlobalSection(SolutionProperties) = preSolution
		HideSolutionNode = FALSE
	EndGlobalSection
	GlobalSection(ExtensibilityGlobals) = postSolution
		SolutionGuid = {34531DE6-EA29-42A1-9AFA-90D7F75AD0E4}
	EndGlobalSection
EndGlobal
